{
    "_readme": [
        "This file locks the dependencies of your project to a known state",
        "Read more about it at https://getcomposer.org/doc/01-basic-usage.md#composer-lock-the-lock-file",
        "This file is @generated automatically"
    ],
    "content-hash": "55c8a97b3077b05b1be31111e3127cac",
    "packages": [
        {
            "name": "jjgrainger/posttypes",
            "version": "2.0",
            "source": {
                "type": "git",
                "url": "https://github.com/jjgrainger/PostTypes.git",
                "reference": "9fa23e785f213f89b3bcd85d6b938c0262ea9dcf"
            },
            "dist": {
                "type": "zip",
                "url": "https://api.github.com/repos/jjgrainger/PostTypes/zipball/9fa23e785f213f89b3bcd85d6b938c0262ea9dcf",
                "reference": "9fa23e785f213f89b3bcd85d6b938c0262ea9dcf",
                "shasum": ""
            },
            "require": {
                "php": ">=5.3.0"
            },
            "require-dev": {
                "phpunit/phpunit": "5.7",
                "squizlabs/php_codesniffer": "^2.8"
            },
            "type": "library",
            "autoload": {
                "psr-4": {
                    "PostTypes\\": "src/"
                }
            },
            "notification-url": "https://packagist.org/downloads/",
            "license": [
                "MIT"
            ],
            "authors": [
                {
                    "name": "Joe Grainger",
                    "email": "hello@jjgrainger.co.uk",
                    "homepage": "http://jjgrainger.co.uk"
                }
            ],
            "description": "Simple WordPress custom post types.",
            "homepage": "https://github.com/jjgrainger/posttype",
            "time": "2017-10-24T20:26:49+00:00"
        },
        {
            "name": "matthiasmullie/minify",
            "version": "1.3.59",
            "source": {
                "type": "git",
                "url": "https://github.com/matthiasmullie/minify.git",
                "reference": "62dac3bce06de66f0d71fe6490cf1c508d3c3ff7"
            },
            "dist": {
                "type": "zip",
                "url": "https://api.github.com/repos/matthiasmullie/minify/zipball/62dac3bce06de66f0d71fe6490cf1c508d3c3ff7",
                "reference": "62dac3bce06de66f0d71fe6490cf1c508d3c3ff7",
                "shasum": ""
            },
            "require": {
                "ext-pcre": "*",
                "matthiasmullie/path-converter": "~1.1",
                "php": ">=5.3.0"
            },
            "require-dev": {
                "friendsofphp/php-cs-fixer": "~2.0",
                "matthiasmullie/scrapbook": "~1.0",
                "phpunit/phpunit": "~4.8"
            },
            "suggest": {
                "psr/cache-implementation": "Cache implementation to use with Minify::cache"
            },
            "bin": [
                "bin/minifycss",
                "bin/minifyjs"
            ],
            "type": "library",
            "autoload": {
                "psr-4": {
                    "MatthiasMullie\\Minify\\": "src/"
                }
            },
            "notification-url": "https://packagist.org/downloads/",
            "license": [
                "MIT"
            ],
            "authors": [
                {
                    "name": "Matthias Mullie",
                    "email": "minify@mullie.eu",
                    "homepage": "http://www.mullie.eu",
                    "role": "Developer"
                }
            ],
            "description": "CSS & JavaScript minifier, in PHP. Removes whitespace, strips comments, combines files (incl. @import statements and small assets in CSS files), and optimizes/shortens a few common programming patterns.",
            "homepage": "http://www.minifier.org",
            "keywords": [
                "JS",
                "css",
                "javascript",
                "minifier",
                "minify"
            ],
            "time": "2018-02-02T12:44:18+00:00"
        },
        {
            "name": "matthiasmullie/path-converter",
            "version": "1.1.1",
            "source": {
                "type": "git",
                "url": "https://github.com/matthiasmullie/path-converter.git",
                "reference": "3082a6838be02b930239a97d38b5c9da4d693aca"
            },
            "dist": {
                "type": "zip",
                "url": "https://api.github.com/repos/matthiasmullie/path-converter/zipball/3082a6838be02b930239a97d38b5c9da4d693aca",
                "reference": "3082a6838be02b930239a97d38b5c9da4d693aca",
                "shasum": ""
            },
            "require": {
                "ext-pcre": "*",
                "php": ">=5.3.0"
            },
            "require-dev": {
                "phpunit/phpunit": "~4.8"
            },
            "type": "library",
            "autoload": {
                "psr-4": {
                    "MatthiasMullie\\PathConverter\\": "src/"
                }
            },
            "notification-url": "https://packagist.org/downloads/",
            "license": [
                "MIT"
            ],
            "authors": [
                {
                    "name": "Matthias Mullie",
                    "email": "pathconverter@mullie.eu",
                    "homepage": "http://www.mullie.eu",
                    "role": "Developer"
                }
            ],
            "description": "Relative path converter",
            "homepage": "http://github.com/matthiasmullie/path-converter",
            "keywords": [
                "converter",
                "path",
                "paths",
                "relative"
            ],
            "time": "2018-02-02T11:30:10+00:00"
        },
        {
            "name": "monolog/monolog",
            "version": "1.23.0",
            "source": {
                "type": "git",
                "url": "https://github.com/Seldaek/monolog.git",
                "reference": "fd8c787753b3a2ad11bc60c063cff1358a32a3b4"
            },
            "dist": {
                "type": "zip",
                "url": "https://api.github.com/repos/Seldaek/monolog/zipball/fd8c787753b3a2ad11bc60c063cff1358a32a3b4",
                "reference": "fd8c787753b3a2ad11bc60c063cff1358a32a3b4",
                "shasum": ""
            },
            "require": {
                "php": ">=5.3.0",
                "psr/log": "~1.0"
            },
            "provide": {
                "psr/log-implementation": "1.0.0"
            },
            "require-dev": {
                "aws/aws-sdk-php": "^2.4.9 || ^3.0",
                "doctrine/couchdb": "~1.0@dev",
                "graylog2/gelf-php": "~1.0",
                "jakub-onderka/php-parallel-lint": "0.9",
                "php-amqplib/php-amqplib": "~2.4",
                "php-console/php-console": "^3.1.3",
                "phpunit/phpunit": "~4.5",
                "phpunit/phpunit-mock-objects": "2.3.0",
                "ruflin/elastica": ">=0.90 <3.0",
                "sentry/sentry": "^0.13",
                "swiftmailer/swiftmailer": "^5.3|^6.0"
            },
            "suggest": {
                "aws/aws-sdk-php": "Allow sending log messages to AWS services like DynamoDB",
                "doctrine/couchdb": "Allow sending log messages to a CouchDB server",
                "ext-amqp": "Allow sending log messages to an AMQP server (1.0+ required)",
                "ext-mongo": "Allow sending log messages to a MongoDB server",
                "graylog2/gelf-php": "Allow sending log messages to a GrayLog2 server",
                "mongodb/mongodb": "Allow sending log messages to a MongoDB server via PHP Driver",
                "php-amqplib/php-amqplib": "Allow sending log messages to an AMQP server using php-amqplib",
                "php-console/php-console": "Allow sending log messages to Google Chrome",
                "rollbar/rollbar": "Allow sending log messages to Rollbar",
                "ruflin/elastica": "Allow sending log messages to an Elastic Search server",
                "sentry/sentry": "Allow sending log messages to a Sentry server"
            },
            "type": "library",
            "extra": {
                "branch-alias": {
                    "dev-master": "2.0.x-dev"
                }
            },
            "autoload": {
                "psr-4": {
                    "Monolog\\": "src/Monolog"
                }
            },
            "notification-url": "https://packagist.org/downloads/",
            "license": [
                "MIT"
            ],
            "authors": [
                {
                    "name": "Jordi Boggiano",
                    "email": "j.boggiano@seld.be",
                    "homepage": "http://seld.be"
                }
            ],
            "description": "Sends your logs to files, sockets, inboxes, databases and various web services",
            "homepage": "http://github.com/Seldaek/monolog",
            "keywords": [
                "log",
                "logging",
                "psr-3"
            ],
            "time": "2017-06-19T01:22:40+00:00"
        },
        {
            "name": "psr/log",
            "version": "1.0.2",
            "source": {
                "type": "git",
                "url": "https://github.com/php-fig/log.git",
                "reference": "4ebe3a8bf773a19edfe0a84b6585ba3d401b724d"
            },
            "dist": {
                "type": "zip",
                "url": "https://api.github.com/repos/php-fig/log/zipball/4ebe3a8bf773a19edfe0a84b6585ba3d401b724d",
                "reference": "4ebe3a8bf773a19edfe0a84b6585ba3d401b724d",
                "shasum": ""
            },
            "require": {
                "php": ">=5.3.0"
            },
            "type": "library",
            "extra": {
                "branch-alias": {
                    "dev-master": "1.0.x-dev"
                }
            },
            "autoload": {
                "psr-4": {
                    "Psr\\Log\\": "Psr/Log/"
                }
            },
            "notification-url": "https://packagist.org/downloads/",
            "license": [
                "MIT"
            ],
            "authors": [
                {
                    "name": "PHP-FIG",
                    "homepage": "http://www.php-fig.org/"
                }
            ],
            "description": "Common interface for logging libraries",
            "homepage": "https://github.com/php-fig/log",
            "keywords": [
                "log",
                "psr",
                "psr-3"
            ],
            "time": "2016-10-10T12:19:37+00:00"
        },
        {
            "name": "respect/validation",
            "version": "1.1.15",
            "source": {
                "type": "git",
                "url": "https://github.com/Respect/Validation.git",
                "reference": "ee9e69776a8e875ac1b5b00d8cf2d2c801c42181"
            },
            "dist": {
                "type": "zip",
                "url": "https://api.github.com/repos/Respect/Validation/zipball/ee9e69776a8e875ac1b5b00d8cf2d2c801c42181",
                "reference": "ee9e69776a8e875ac1b5b00d8cf2d2c801c42181",
                "shasum": ""
            },
            "require": {
                "php": ">=5.4",
                "symfony/polyfill-mbstring": "^1.2"
            },
            "require-dev": {
                "egulias/email-validator": "~1.2",
                "mikey179/vfsstream": "^1.5",
                "phpunit/phpunit": "~4.0",
                "symfony/validator": "~2.6.9",
                "zendframework/zend-validator": "~2.3"
            },
            "suggest": {
                "egulias/email-validator": "Strict (RFC compliant) email validation",
                "ext-bcmath": "Arbitrary Precision Mathematics",
                "ext-mbstring": "Multibyte String Functions",
                "fabpot/php-cs-fixer": "Fix PSR2 and other coding style issues",
                "symfony/validator": "Use Symfony validator through Respect\\Validation",
                "zendframework/zend-validator": "Use Zend Framework validator through Respect\\Validation"
            },
            "type": "library",
            "extra": {
                "branch-alias": {
                    "dev-master": "1.1-dev"
                }
            },
            "autoload": {
                "psr-4": {
                    "Respect\\Validation\\": "library/"
                }
            },
            "notification-url": "https://packagist.org/downloads/",
            "license": [
                "BSD Style"
            ],
            "authors": [
                {
                    "name": "Respect/Validation Contributors",
                    "homepage": "https://github.com/Respect/Validation/graphs/contributors"
                }
            ],
            "description": "The most awesome validation engine ever created for PHP",
            "homepage": "http://respect.github.io/Validation/",
            "keywords": [
                "respect",
                "validation",
                "validator"
            ],
            "time": "2018-01-02T21:47:22+00:00"
        },
        {
            "name": "symfony/polyfill-mbstring",
            "version": "v1.7.0",
            "source": {
                "type": "git",
                "url": "https://github.com/symfony/polyfill-mbstring.git",
                "reference": "78be803ce01e55d3491c1397cf1c64beb9c1b63b"
            },
            "dist": {
                "type": "zip",
                "url": "https://api.github.com/repos/symfony/polyfill-mbstring/zipball/78be803ce01e55d3491c1397cf1c64beb9c1b63b",
                "reference": "78be803ce01e55d3491c1397cf1c64beb9c1b63b",
                "shasum": ""
            },
            "require": {
                "php": ">=5.3.3"
            },
            "suggest": {
                "ext-mbstring": "For best performance"
            },
            "type": "library",
            "extra": {
                "branch-alias": {
                    "dev-master": "1.7-dev"
                }
            },
            "autoload": {
                "psr-4": {
                    "Symfony\\Polyfill\\Mbstring\\": ""
                },
                "files": [
                    "bootstrap.php"
                ]
            },
            "notification-url": "https://packagist.org/downloads/",
            "license": [
                "MIT"
            ],
            "authors": [
                {
                    "name": "Nicolas Grekas",
                    "email": "p@tchwork.com"
                },
                {
                    "name": "Symfony Community",
                    "homepage": "https://symfony.com/contributors"
                }
            ],
            "description": "Symfony polyfill for the Mbstring extension",
            "homepage": "https://symfony.com",
            "keywords": [
                "compatibility",
                "mbstring",
                "polyfill",
                "portable",
                "shim"
            ],
            "time": "2018-01-30T19:27:44+00:00"
        }
    ],
    "packages-dev": [],
    "aliases": [],
    "minimum-stability": "stable",
    "stability-flags": [],
    "prefer-stable": false,
    "prefer-lowest": false,
    "platform": {
        "php": ">=5.5.9"
    },
    "platform-dev": []
}
